
Microsoft Visual Studio Solution File, Format Version 12.00
# Visual Studio Version 16
VisualStudioVersion = 16.0.31321.278
MinimumVisualStudioVersion = 10.0.40219.1
Project("{9A19103F-16F7-4668-BE54-9A1E7A4F7556}") = "Tv_Licence", "Tv_Licence\Tv_Licence.csproj", "{98879D34-A667-4234-8D32-20C2BD1D7B5D}"
EndProject
Global
	GlobalSection(SolutionConfigurationPlatforms) = preSolution
		Debug|Any CPU = Debug|Any CPU
		Release|Any CPU = Release|Any CPU
	EndGlobalSection
	GlobalSection(ProjectConfigurationPlatforms) = postSolution
		{98879D34-A667-4234-8D32-20C2BD1D7B5D}.Debug|Any CPU.ActiveCfg = Debug|Any CPU
		{98879D34-A667-4234-8D32-20C2BD1D7B5D}.Debug|Any CPU.Build.0 = Debug|Any CPU
		{98879D34-A667-4234-8D32-20C2BD1D7B5D}.Release|Any CPU.ActiveCfg = Release|Any CPU
		{98879D34-A667-4234-8D32-20C2BD1D7B5D}.Release|Any CPU.Build.0 = Release|Any CPU
	EndGlobalSection
	GlobalSection(SolutionProperties) = preSolution
		HideSolutionNode = FALSE
	EndGlobalSection
	GlobalSection(ExtensibilityGlobals) = postSolution
		SolutionGuid = {F6ED7764-7C62-428F-B004-0E4821BB002C}
	EndGlobalSection
EndGlobal
